
Microsoft Visual Studio Solution File, Format Version 12.00
# Visual Studio Version 17
VisualStudioVersion = 17.5.002.0
MinimumVisualStudioVersion = 10.0.40219.1
Project("{2150E333-8FDC-42A3-9474-1A3956D46DE8}") = "sandbox", "sandbox", "{AB33D281-92E9-45B9-9536-E5D0C9C4D4E7}"
EndProject
Project("{9A19103F-16F7-4668-BE54-9A1E7A4F7556}") = "sandbox_project", "sandbox\sandbox_project\sandbox_project.csproj", "{3D806157-AB27-4D08-91C7-5E7BB15887DA}"
EndProject
Project("{2150E333-8FDC-42A3-9474-1A3956D46DE8}") = "week01", "week01", "{6F7F1B12-14FF-4D47-B672-11FC6021D279}"
EndProject
Project("{9A19103F-16F7-4668-BE54-9A1E7A4F7556}") = "analyze", "week01\analyze\analyze.csproj", "{2B3E8631-0DB0-48A0-AD19-178088BF267A}"
EndProject
Project("{9A19103F-16F7-4668-BE54-9A1E7A4F7556}") = "code", "week01\code\code.csproj", "{BBB6E03A-440F-433B-8319-370567003C89}"
EndProject
Project("{9A19103F-16F7-4668-BE54-9A1E7A4F7556}") = "teach", "week01\teach\teach.csproj", "{A32602E6-2539-481A-BF81-77AF10FD725E}"
EndProject
Project("{2150E333-8FDC-42A3-9474-1A3956D46DE8}") = "week02", "week02", "{154A2475-C933-4CFB-80BD-7168A0249CC3}"
EndProject
Project("{9A19103F-16F7-4668-BE54-9A1E7A4F7556}") = "analyze", "week02\analyze\analyze.csproj", "{6F71B534-2000-49F9-BCF4-4A21E0B10FDA}"
EndProject
Project("{9A19103F-16F7-4668-BE54-9A1E7A4F7556}") = "code", "week02\code\code.csproj", "{07BFF9DD-0FFB-4E0A-A861-13EAE5721F1E}"
EndProject
Project("{9A19103F-16F7-4668-BE54-9A1E7A4F7556}") = "learn", "week02\learn\learn.csproj", "{8F50628D-5229-4A54-9A06-3134A2789B97}"
EndProject
Project("{9A19103F-16F7-4668-BE54-9A1E7A4F7556}") = "teach", "week02\teach\teach.csproj", "{AA37DD95-FDF9-4D12-95CF-AC02FA74E00D}"
EndProject
Project("{2150E333-8FDC-42A3-9474-1A3956D46DE8}") = "week03", "week03", "{6FE7BD35-89F6-49F3-B3E0-0D1C88D1EE37}"
EndProject
Project("{9A19103F-16F7-4668-BE54-9A1E7A4F7556}") = "code", "week03\code\code.csproj", "{59BFB3C9-BC7C-496A-A715-3ADF837E64E2}"
EndProject
Project("{9A19103F-16F7-4668-BE54-9A1E7A4F7556}") = "learn", "week03\learn\learn.csproj", "{F4B2AE0B-57EC-41BF-A44E-A517DBD90CA9}"
EndProject
Project("{9A19103F-16F7-4668-BE54-9A1E7A4F7556}") = "teach", "week03\teach\teach.csproj", "{30611677-4C10-42AE-9A86-DCB49FB47E60}"
EndProject
Project("{2150E333-8FDC-42A3-9474-1A3956D46DE8}") = "week04", "week04", "{310AD8CA-364D-42B3-895A-1280732DA04C}"
EndProject
Project("{9A19103F-16F7-4668-BE54-9A1E7A4F7556}") = "code", "week04\code\code.csproj", "{DAAF95E6-5BB4-4DA0-8772-E36E4DDE7F91}"
EndProject
Project("{2150E333-8FDC-42A3-9474-1A3956D46DE8}") = "week05", "week05", "{BD82FA5D-6B59-4C8A-B452-D5C9B2AB3B45}"
EndProject
Project("{9A19103F-16F7-4668-BE54-9A1E7A4F7556}") = "code", "week05\code\code.csproj", "{EB8513C5-2753-428A-A798-C04E2E7A3A00}"
EndProject
Project("{2150E333-8FDC-42A3-9474-1A3956D46DE8}") = "week06", "week06", "{C0A52B12-680C-4EE1-A9DF-88886C843142}"
EndProject
Project("{9A19103F-16F7-4668-BE54-9A1E7A4F7556}") = "code", "week06\code\code.csproj", "{D69A15FB-B090-481E-9F15-9C2E93D5F403}"
EndProject
Global
	GlobalSection(SolutionConfigurationPlatforms) = preSolution
		Debug|Any CPU = Debug|Any CPU
		Release|Any CPU = Release|Any CPU
	EndGlobalSection
	GlobalSection(ProjectConfigurationPlatforms) = postSolution
		{3D806157-AB27-4D08-91C7-5E7BB15887DA}.Debug|Any CPU.ActiveCfg = Debug|Any CPU
		{3D806157-AB27-4D08-91C7-5E7BB15887DA}.Debug|Any CPU.Build.0 = Debug|Any CPU
		{3D806157-AB27-4D08-91C7-5E7BB15887DA}.Release|Any CPU.ActiveCfg = Release|Any CPU
		{3D806157-AB27-4D08-91C7-5E7BB15887DA}.Release|Any CPU.Build.0 = Release|Any CPU
		{2B3E8631-0DB0-48A0-AD19-178088BF267A}.Debug|Any CPU.ActiveCfg = Debug|Any CPU
		{2B3E8631-0DB0-48A0-AD19-178088BF267A}.Debug|Any CPU.Build.0 = Debug|Any CPU
		{2B3E8631-0DB0-48A0-AD19-178088BF267A}.Release|Any CPU.ActiveCfg = Release|Any CPU
		{2B3E8631-0DB0-48A0-AD19-178088BF267A}.Release|Any CPU.Build.0 = Release|Any CPU
		{BBB6E03A-440F-433B-8319-370567003C89}.Debug|Any CPU.ActiveCfg = Debug|Any CPU
		{BBB6E03A-440F-433B-8319-370567003C89}.Debug|Any CPU.Build.0 = Debug|Any CPU
		{BBB6E03A-440F-433B-8319-370567003C89}.Release|Any CPU.ActiveCfg = Release|Any CPU
		{BBB6E03A-440F-433B-8319-370567003C89}.Release|Any CPU.Build.0 = Release|Any CPU
		{A32602E6-2539-481A-BF81-77AF10FD725E}.Debug|Any CPU.ActiveCfg = Debug|Any CPU
		{A32602E6-2539-481A-BF81-77AF10FD725E}.Debug|Any CPU.Build.0 = Debug|Any CPU
		{A32602E6-2539-481A-BF81-77AF10FD725E}.Release|Any CPU.ActiveCfg = Release|Any CPU
		{A32602E6-2539-481A-BF81-77AF10FD725E}.Release|Any CPU.Build.0 = Release|Any CPU
		{6F71B534-2000-49F9-BCF4-4A21E0B10FDA}.Debug|Any CPU.ActiveCfg = Debug|Any CPU
		{6F71B534-2000-49F9-BCF4-4A21E0B10FDA}.Debug|Any CPU.Build.0 = Debug|Any CPU
		{6F71B534-2000-49F9-BCF4-4A21E0B10FDA}.Release|Any CPU.ActiveCfg = Release|Any CPU
		{6F71B534-2000-49F9-BCF4-4A21E0B10FDA}.Release|Any CPU.Build.0 = Release|Any CPU
		{07BFF9DD-0FFB-4E0A-A861-13EAE5721F1E}.Debug|Any CPU.ActiveCfg = Debug|Any CPU
		{07BFF9DD-0FFB-4E0A-A861-13EAE5721F1E}.Debug|Any CPU.Build.0 = Debug|Any CPU
		{07BFF9DD-0FFB-4E0A-A861-13EAE5721F1E}.Release|Any CPU.ActiveCfg = Release|Any CPU
		{07BFF9DD-0FFB-4E0A-A861-13EAE5721F1E}.Release|Any CPU.Build.0 = Release|Any CPU
		{8F50628D-5229-4A54-9A06-3134A2789B97}.Debug|Any CPU.ActiveCfg = Debug|Any CPU
		{8F50628D-5229-4A54-9A06-3134A2789B97}.Debug|Any CPU.Build.0 = Debug|Any CPU
		{8F50628D-5229-4A54-9A06-3134A2789B97}.Release|Any CPU.ActiveCfg = Release|Any CPU
		{8F50628D-5229-4A54-9A06-3134A2789B97}.Release|Any CPU.Build.0 = Release|Any CPU
		{AA37DD95-FDF9-4D12-95CF-AC02FA74E00D}.Debug|Any CPU.ActiveCfg = Debug|Any CPU
		{AA37DD95-FDF9-4D12-95CF-AC02FA74E00D}.Debug|Any CPU.Build.0 = Debug|Any CPU
		{AA37DD95-FDF9-4D12-95CF-AC02FA74E00D}.Release|Any CPU.ActiveCfg = Release|Any CPU
		{AA37DD95-FDF9-4D12-95CF-AC02FA74E00D}.Release|Any CPU.Build.0 = Release|Any CPU
		{59BFB3C9-BC7C-496A-A715-3ADF837E64E2}.Debug|Any CPU.ActiveCfg = Debug|Any CPU
		{59BFB3C9-BC7C-496A-A715-3ADF837E64E2}.Debug|Any CPU.Build.0 = Debug|Any CPU
		{59BFB3C9-BC7C-496A-A715-3ADF837E64E2}.Release|Any CPU.ActiveCfg = Release|Any CPU
		{59BFB3C9-BC7C-496A-A715-3ADF837E64E2}.Release|Any CPU.Build.0 = Release|Any CPU
		{F4B2AE0B-57EC-41BF-A44E-A517DBD90CA9}.Debug|Any CPU.ActiveCfg = Debug|Any CPU
		{F4B2AE0B-57EC-41BF-A44E-A517DBD90CA9}.Debug|Any CPU.Build.0 = Debug|Any CPU
		{F4B2AE0B-57EC-41BF-A44E-A517DBD90CA9}.Release|Any CPU.ActiveCfg = Release|Any CPU
		{F4B2AE0B-57EC-41BF-A44E-A517DBD90CA9}.Release|Any CPU.Build.0 = Release|Any CPU
		{30611677-4C10-42AE-9A86-DCB49FB47E60}.Debug|Any CPU.ActiveCfg = Debug|Any CPU
		{30611677-4C10-42AE-9A86-DCB49FB47E60}.Debug|Any CPU.Build.0 = Debug|Any CPU
		{30611677-4C10-42AE-9A86-DCB49FB47E60}.Release|Any CPU.ActiveCfg = Release|Any CPU
		{30611677-4C10-42AE-9A86-DCB49FB47E60}.Release|Any CPU.Build.0 = Release|Any CPU
		{DAAF95E6-5BB4-4DA0-8772-E36E4DDE7F91}.Debug|Any CPU.ActiveCfg = Debug|Any CPU
		{DAAF95E6-5BB4-4DA0-8772-E36E4DDE7F91}.Debug|Any CPU.Build.0 = Debug|Any CPU
		{DAAF95E6-5BB4-4DA0-8772-E36E4DDE7F91}.Release|Any CPU.ActiveCfg = Release|Any CPU
		{DAAF95E6-5BB4-4DA0-8772-E36E4DDE7F91}.Release|Any CPU.Build.0 = Release|Any CPU
		{EB8513C5-2753-428A-A798-C04E2E7A3A00}.Debug|Any CPU.ActiveCfg = Debug|Any CPU
		{EB8513C5-2753-428A-A798-C04E2E7A3A00}.Debug|Any CPU.Build.0 = Debug|Any CPU
		{EB8513C5-2753-428A-A798-C04E2E7A3A00}.Release|Any CPU.ActiveCfg = Release|Any CPU
		{EB8513C5-2753-428A-A798-C04E2E7A3A00}.Release|Any CPU.Build.0 = Release|Any CPU
		{D69A15FB-B090-481E-9F15-9C2E93D5F403}.Debug|Any CPU.ActiveCfg = Debug|Any CPU
		{D69A15FB-B090-481E-9F15-9C2E93D5F403}.Debug|Any CPU.Build.0 = Debug|Any CPU
		{D69A15FB-B090-481E-9F15-9C2E93D5F403}.Release|Any CPU.ActiveCfg = Release|Any CPU
		{D69A15FB-B090-481E-9F15-9C2E93D5F403}.Release|Any CPU.Build.0 = Release|Any CPU
	EndGlobalSection
	GlobalSection(SolutionProperties) = preSolution
		HideSolutionNode = FALSE
	EndGlobalSection
	GlobalSection(NestedProjects) = preSolution
		{3D806157-AB27-4D08-91C7-5E7BB15887DA} = {AB33D281-92E9-45B9-9536-E5D0C9C4D4E7}
		{2B3E8631-0DB0-48A0-AD19-178088BF267A} = {6F7F1B12-14FF-4D47-B672-11FC6021D279}
		{BBB6E03A-440F-433B-8319-370567003C89} = {6F7F1B12-14FF-4D47-B672-11FC6021D279}
		{A32602E6-2539-481A-BF81-77AF10FD725E} = {6F7F1B12-14FF-4D47-B672-11FC6021D279}
		{6F71B534-2000-49F9-BCF4-4A21E0B10FDA} = {154A2475-C933-4CFB-80BD-7168A0249CC3}
		{07BFF9DD-0FFB-4E0A-A861-13EAE5721F1E} = {154A2475-C933-4CFB-80BD-7168A0249CC3}
		{8F50628D-5229-4A54-9A06-3134A2789B97} = {154A2475-C933-4CFB-80BD-7168A0249CC3}
		{AA37DD95-FDF9-4D12-95CF-AC02FA74E00D} = {154A2475-C933-4CFB-80BD-7168A0249CC3}
		{59BFB3C9-BC7C-496A-A715-3ADF837E64E2} = {6FE7BD35-89F6-49F3-B3E0-0D1C88D1EE37}
		{F4B2AE0B-57EC-41BF-A44E-A517DBD90CA9} = {6FE7BD35-89F6-49F3-B3E0-0D1C88D1EE37}
		{30611677-4C10-42AE-9A86-DCB49FB47E60} = {6FE7BD35-89F6-49F3-B3E0-0D1C88D1EE37}
		{DAAF95E6-5BB4-4DA0-8772-E36E4DDE7F91} = {310AD8CA-364D-42B3-895A-1280732DA04C}
		{EB8513C5-2753-428A-A798-C04E2E7A3A00} = {BD82FA5D-6B59-4C8A-B452-D5C9B2AB3B45}
		{D69A15FB-B090-481E-9F15-9C2E93D5F403} = {C0A52B12-680C-4EE1-A9DF-88886C843142}
	EndGlobalSection
	GlobalSection(ExtensibilityGlobals) = postSolution
		SolutionGuid = {9DC3CB17-C531-477A-9C7C-8B6286C21F8D}
	EndGlobalSection
EndGlobal
